
Microsoft Visual Studio Solution File, Format Version 12.00
# Visual Studio Version 17
VisualStudioVersion = 17.0.31919.166
MinimumVisualStudioVersion = 10.0.40219.1
Project("{FAE04EC0-301F-11D3-BF4B-00C04F79EFBC}") = "PersonalProject_S6", "PersonalProject_S6\PersonalProject_S6.csproj", "{87943489-7BED-43AD-BECA-9524481D8A11}"
EndProject
Global
	GlobalSection(SolutionConfigurationPlatforms) = preSolution
		Debug|Any CPU = Debug|Any CPU
		Release|Any CPU = Release|Any CPU
	EndGlobalSection
	GlobalSection(ProjectConfigurationPlatforms) = postSolution
		{87943489-7BED-43AD-BECA-9524481D8A11}.Debug|Any CPU.ActiveCfg = Debug|Any CPU
		{87943489-7BED-43AD-BECA-9524481D8A11}.Debug|Any CPU.Build.0 = Debug|Any CPU
		{87943489-7BED-43AD-BECA-9524481D8A11}.Release|Any CPU.ActiveCfg = Release|Any CPU
		{87943489-7BED-43AD-BECA-9524481D8A11}.Release|Any CPU.Build.0 = Release|Any CPU
	EndGlobalSection
	GlobalSection(SolutionProperties) = preSolution
		HideSolutionNode = FALSE
	EndGlobalSection
	GlobalSection(ExtensibilityGlobals) = postSolution
		SolutionGuid = {18D623CE-4CF8-4330-BAF2-DBB8969364B1}
	EndGlobalSection
EndGlobal
